// !$*UTF8*$!
{
	archiveVersion = 1;
	classes = {
	};
	objectVersion = 46;
	objects = {

/* Begin PBXBuildFile section */
		AA970A861BC6BCF90031B969 /* main.m in Sources */ = {isa = PBXBuildFile; fileRef = AA970A851BC6BCF90031B969 /* main.m */; };
		AA970A891BC6BCF90031B969 /* AppDelegate.m in Sources */ = {isa = PBXBuildFile; fileRef = AA970A881BC6BCF90031B969 /* AppDelegate.m */; };
		AA970A8C1BC6BCF90031B969 /* ViewController.m in Sources */ = {isa = PBXBuildFile; fileRef = AA970A8B1BC6BCF90031B969 /* ViewController.m */; };
		AA970A8F1BC6BCF90031B969 /* Main.storyboard in Resources */ = {isa = PBXBuildFile; fileRef = AA970A8D1BC6BCF90031B969 /* Main.storyboard */; };
		AA970A911BC6BCF90031B969 /* Images.xcassets in Resources */ = {isa = PBXBuildFile; fileRef = AA970A901BC6BCF90031B969 /* Images.xcassets */; };
		AA970A941BC6BCF90031B969 /* LaunchScreen.xib in Resources */ = {isa = PBXBuildFile; fileRef = AA970A921BC6BCF90031B969 /* LaunchScreen.xib */; };
		AA970AA01BC6BCF90031B969 /* testTests.m in Sources */ = {isa = PBXBuildFile; fileRef = AA970A9F1BC6BCF90031B969 /* testTests.m */; };
/* End PBXBuildFile section */

/* Begin PBXContainerItemProxy section */
		AA970A9A1BC6BCF90031B969 /* PBXContainerItemProxy */ = {
			isa = PBXContainerItemProxy;
			containerPortal = AA970A781BC6BCF90031B969 /* Project object */;
			proxyType = 1;
			remoteGlobalIDString = AA970A7F1BC6BCF90031B969;
			remoteInfo = test;
		};
/* End PBXContainerItemProxy section */

/* Begin PBXFileReference section */
		AA970A801BC6BCF90031B969 /* test.app */ = {isa = PBXFileReference; explicitFileType = wrapper.application; includeInIndex = 0; path = test.app; sourceTree = BUILT_PRODUCTS_DIR; };
		AA970A841BC6BCF90031B969 /* Info.plist */ = {isa = PBXFileReference; lastKnownFileType = text.plist.xml; path = Info.plist; sourceTree = "<group>"; };
		AA970A851BC6BCF90031B969 /* main.m */ = {isa = PBXFileReference; lastKnownFileType = sourcecode.c.objc; path = main.m; sourceTree = "<group>"; };
		AA970A871BC6BCF90031B969 /* AppDelegate.h */ = {isa = PBXFileReference; lastKnownFileType = sourcecode.c.h; path = AppDelegate.h; sourceTree = "<group>"; };
		AA970A881BC6BCF90031B969 /* AppDelegate.m */ = {isa = PBXFileReference; lastKnownFileType = sourcecode.c.objc; path = AppDelegate.m; sourceTree = "<group>"; };
		AA970A8A1BC6BCF90031B969 /* ViewController.h */ = {isa = PBXFileReference; lastKnownFileType = sourcecode.c.h; path = ViewController.h; sourceTree = "<group>"; };
		AA970A8B1BC6BCF90031B969 /* ViewController.m */ = {isa = PBXFileReference; lastKnownFileType = sourcecode.c.objc; path = ViewController.m; sourceTree = "<group>"; };
		AA970A8E1BC6BCF90031B969 /* Base */ = {isa = PBXFileReference; lastKnownFileType = file.storyboard; name = Base; path = Base.lproj/Main.storyboard; sourceTree = "<group>"; };
		AA970A901BC6BCF90031B969 /* Images.xcassets */ = {isa = PBXFileReference; lastKnownFileType = folder.assetcatalog; path = Images.xcassets; sourceTree = "<group>"; };
		AA970A931BC6BCF90031B969 /* Base */ = {isa = PBXFileReference; lastKnownFileType = file.xib; name = Base; path = Base.lproj/LaunchScreen.xib; sourceTree = "<group>"; };
		AA970A991BC6BCF90031B969 /* testTests.xctest */ = {isa = PBXFileReference; explicitFileType = wrapper.cfbundle; includeInIndex = 0; path = testTests.xctest; sourceTree = BUILT_PRODUCTS_DIR; };
		AA970A9E1BC6BCF90031B969 /* Info.plist */ = {isa = PBXFileReference; lastKnownFileType = text.plist.xml; path = Info.plist; sourceTree = "<group>"; };
		AA970A9F1BC6BCF90031B969 /* testTests.m */ = {isa = PBXFileReference; lastKnownFileType = sourcecode.c.objc; path = testTests.m; sourceTree = "<group>"; };
/* End PBXFileReference section */

/* Begin PBXFrameworksBuildPhase section */
		AA970A7D1BC6BCF90031B969 /* Frameworks */ = {
			isa = PBXFrameworksBuildPhase;
			buildActionMask = 2147483647;
			files = (
			);
			runOnlyForDeploymentPostprocessing = 0;
		};
		AA970A961BC6BCF90031B969 /* Frameworks */ = {
			isa = PBXFrameworksBuildPhase;
			buildActionMask = 2147483647;
			files = (
			);
			runOnlyForDeploymentPostprocessing = 0;
		};
/* End PBXFrameworksBuildPhase section */

/* Begin PBXGroup section */
		AA970A771BC6BCF90031B969 = {
			isa = PBXGroup;
			children = (
				AA970A821BC6BCF90031B969 /* test */,
				AA970A9C1BC6BCF90031B969 /* testTests */,
				AA970A811BC6BCF90031B969 /* Products */,
			);
			sourceTree = "<group>";
		};
		AA970A811BC6BCF90031B969 /* Products */ = {
			isa = PBXGroup;
			children = (
				AA970A801BC6BCF90031B969 /* test.app */,
				AA970A991BC6BCF90031B969 /* testTests.xctest */,
			);
			name = Products;
			sourceTree = "<group>";
		};
		AA970A821BC6BCF90031B969 /* test */ = {
			isa = PBXGroup;
			children = (
				AA970A871BC6BCF90031B969 /* AppDelegate.h */,
				AA970A881BC6BCF90031B969 /* AppDelegate.m */,
				AA970A8A1BC6BCF90031B969 /* ViewController.h */,
				AA970A8B1BC6BCF90031B969 /* ViewController.m */,
				AA970A8D1BC6BCF90031B969 /* Main.storyboard */,
				AA970A901BC6BCF90031B969 /* Images.xcassets */,
				AA970A921BC6BCF90031B969 /* LaunchScreen.xib */,
				AA970A831BC6BCF90031B969 /* Supporting Files */,
			);
			path = test;
			sourceTree = "<group>";
		};
		AA970A831BC6BCF90031B969 /* Supporting Files */ = {
			isa = PBXGroup;
			children = (
				AA970A841BC6BCF90031B969 /* Info.plist */,
				AA970A851BC6BCF90031B969 /* main.m */,
			);
			name = "Supporting Files";
			sourceTree = "<group>";
		};
		AA970A9C1BC6BCF90031B969 /* testTests */ = {
			isa = PBXGroup;
			children = (
				AA970A9F1BC6BCF90031B969 /* testTests.m */,
				AA970A9D1BC6BCF90031B969 /* Supporting Files */,
			);
			path = testTests;
			sourceTree = "<group>";
		};
		AA970A9D1BC6BCF90031B969 /* Supporting Files */ = {
			isa = PBXGroup;
			children = (
				AA970A9E1BC6BCF90031B969 /* Info.plist */,
			);
			name = "Supporting Files";
			sourceTree = "<group>";
		};
/* End PBXGroup section */

/* Begin PBXNativeTarget section */
		AA970A7F1BC6BCF90031B969 /* test */ = {
			isa = PBXNativeTarget;
			buildConfigurationList = AA970AA31BC6BCF90031B969 /* Build configuration list for PBXNativeTarget "test" */;
			buildPhases = (
				AA970A7C1BC6BCF90031B969 /* Sources */,
				AA970A7D1BC6BCF90031B969 /* Frameworks */,
				AA970A7E1BC6BCF90031B969 /* Resources */,
			);
			buildRules = (
			);
			dependencies = (
			);
			name = test;
			productName = test;
			productReference = AA970A801BC6BCF90031B969 /* test.app */;
			productType = "com.apple.product-type.application";
		};
		AA970A981BC6BCF90031B969 /* testTests */ = {
			isa = PBXNativeTarget;
			buildConfigurationList = AA970AA61BC6BCF90031B969 /* Build configuration list for PBXNativeTarget "testTests" */;
			buildPhases = (
				AA970A951BC6BCF90031B969 /* Sources */,
				AA970A961BC6BCF90031B969 /* Frameworks */,
				AA970A971BC6BCF90031B969 /* Resources */,
			);
			buildRules = (
			);
			dependencies = (
				AA970A9B1BC6BCF90031B969 /* PBXTargetDependency */,
			);
			name = testTests;
			productName = testTests;
			productReference = AA970A991BC6BCF90031B969 /* testTests.xctest */;
			productType = "com.apple.product-type.bundle.unit-test";
		};
/* End PBXNativeTarget section */

/* Begin PBXProject section */
		AA970A781BC6BCF90031B969 /* Project object */ = {
			isa = PBXProject;
			attributes = {
				LastUpgradeCheck = 0630;
				ORGANIZATIONNAME = "张杰华";
				TargetAttributes = {
					AA970A7F1BC6BCF90031B969 = {
						CreatedOnToolsVersion = 6.3.1;
					};
					AA970A981BC6BCF90031B969 = {
						CreatedOnToolsVersion = 6.3.1;
						TestTargetID = AA970A7F1BC6BCF90031B969;
					};
				};
			};
			buildConfigurationList = AA970A7B1BC6BCF90031B969 /* Build configuration list for PBXProject "test" */;
			compatibilityVersion = "Xcode 3.2";
			developmentRegion = English;
			hasScannedForEncodings = 0;
			knownRegions = (
				en,
				Base,
			);
			mainGroup = AA970A771BC6BCF90031B969;
			productRefGroup = AA970A811BC6BCF90031B969 /* Products */;
			projectDirPath = "";
			projectRoot = "";
			targets = (
				AA970A7F1BC6BCF90031B969 /* test */,
				AA970A981BC6BCF90031B969 /* testTests */,
			);
		};
/* End PBXProject section */

/* Begin PBXResourcesBuildPhase section */
		AA970A7E1BC6BCF90031B969 /* Resources */ = {
			isa = PBXResourcesBuildPhase;
			buildActionMask = 2147483647;
			files = (
				AA970A8F1BC6BCF90031B969 /* Main.storyboard in Resources */,
				AA970A941BC6BCF90031B969 /* LaunchScreen.xib in Resources */,
				AA970A911BC6BCF90031B969 /* Images.xcassets in Resources */,
			);
			runOnlyForDeploymentPostprocessing = 0;
		};
		AA970A971BC6BCF90031B969 /* Resources */ = {
			isa = PBXResourcesBuildPhase;
			buildActionMask = 2147483647;
			files = (
			);
			runOnlyForDeploymentPostprocessing = 0;
		};
/* End PBXResourcesBuildPhase section */

/* Begin PBXSourcesBuildPhase section */
		AA970A7C1BC6BCF90031B969 /* Sources */ = {
			isa = PBXSourcesBuildPhase;
			buildActionMask = 2147483647;
			files = (
				AA970A8C1BC6BCF90031B969 /* ViewController.m in Sources */,
				AA970A891BC6BCF90031B969 /* AppDelegate.m in Sources */,
				AA970A861BC6BCF90031B969 /* main.m in Sources */,
			);
			runOnlyForDeploymentPostprocessing = 0;
		};
		AA970A951BC6BCF90031B969 /* Sources */ = {
			isa = PBXSourcesBuildPhase;
			buildActionMask = 2147483647;
			files = (
				AA970AA01BC6BCF90031B969 /* testTests.m in Sources */,
			);
			runOnlyForDeploymentPostprocessing = 0;
		};
/* End PBXSourcesBuildPhase section */

/* Begin PBXTargetDependency section */
		AA970A9B1BC6BCF90031B969 /* PBXTargetDependency */ = {
			isa = PBXTargetDependency;
			target = AA970A7F1BC6BCF90031B969 /* test */;
			targetProxy = AA970A9A1BC6BCF90031B969 /* PBXContainerItemProxy */;
		};
/* End PBXTargetDependency section */

/* Begin PBXVariantGroup section */
		AA970A8D1BC6BCF90031B969 /* Main.storyboard */ = {
			isa = PBXVariantGroup;
			children = (
				AA970A8E1BC6BCF90031B969 /* Base */,
			);
			name = Main.storyboard;
			sourceTree = "<group>";
		};
		AA970A921BC6BCF90031B969 /* LaunchScreen.xib */ = {
			isa = PBXVariantGroup;
			children = (
				AA970A931BC6BCF90031B969 /* Base */,
			);
			name = LaunchScreen.xib;
			sourceTree = "<group>";
		};
/* End PBXVariantGroup section */

/* Begin XCBuildConfiguration section */
		AA970AA11BC6BCF90031B969 /* Debug */ = {
			isa = XCBuildConfiguration;
			buildSettings = {
				ALWAYS_SEARCH_USER_PATHS = NO;
				CLANG_CXX_LANGUAGE_STANDARD = "gnu++0x";
				CLANG_CXX_LIBRARY = "libc++";
				CLANG_ENABLE_MODULES = YES;
				CLANG_ENABLE_OBJC_ARC = YES;
				CLANG_WARN_BOOL_CONVERSION = YES;
				CLANG_WARN_CONSTANT_CONVERSION = YES;
				CLANG_WARN_DIRECT_OBJC_ISA_USAGE = YES_ERROR;
				CLANG_WARN_EMPTY_BODY = YES;
				CLANG_WARN_ENUM_CONVERSION = YES;
				CLANG_WARN_INT_CONVERSION = YES;
				CLANG_WARN_OBJC_ROOT_CLASS = YES_ERROR;
				CLANG_WARN_UNREACHABLE_CODE = YES;
				CLANG_WARN__DUPLICATE_METHOD_MATCH = YES;
				"CODE_SIGN_IDENTITY[sdk=iphoneos*]" = "iPhone Developer";
				COPY_PHASE_STRIP = NO;
				DEBUG_INFORMATION_FORMAT = "dwarf-with-dsym";
				ENABLE_STRICT_OBJC_MSGSEND = YES;
				GCC_C_LANGUAGE_STANDARD = gnu99;
				GCC_DYNAMIC_NO_PIC = NO;
				GCC_NO_COMMON_BLOCKS = YES;
				GCC_OPTIMIZATION_LEVEL = 0;
				GCC_PREPROCESSOR_DEFINITIONS = (
					"DEBUG=1",
					"$(inherited)",
				);
				GCC_SYMBOLS_PRIVATE_EXTERN = NO;
				GCC_WARN_64_TO_32_BIT_CONVERSION = YES;
				GCC_WARN_ABOUT_RETURN_TYPE = YES_ERROR;
				GCC_WARN_UNDECLARED_SELECTOR = YES;
				GCC_WARN_UNINITIALIZED_AUTOS = YES_AGGRESSIVE;
				GCC_WARN_UNUSED_FUNCTION = YES;
				GCC_WARN_UNUSED_VARIABLE = YES;
				IPHONEOS_DEPLOYMENT_TARGET = 8.3;
				MTL_ENABLE_DEBUG_INFO = YES;
				ONLY_ACTIVE_ARCH = YES;
				SDKROOT = iphoneos;
			};
			name = Debug;
		};
		AA970AA21BC6BCF90031B969 /* Release */ = {
			isa = XCBuildConfiguration;
			buildSettings = {
				ALWAYS_SEARCH_USER_PATHS = NO;
				CLANG_CXX_LANGUAGE_STANDARD = "gnu++0x";
				CLANG_CXX_LIBRARY = "libc++";
				CLANG_ENABLE_MODULES = YES;
				CLANG_ENABLE_OBJC_ARC = YES;
				CLANG_WARN_BOOL_CONVERSION = YES;
				CLANG_WARN_CONSTANT_CONVERSION = YES;
				CLANG_WARN_DIRECT_OBJC_ISA_USAGE = YES_ERROR;
				CLANG_WARN_EMPTY_BODY = YES;
				CLANG_WARN_ENUM_CONVERSION = YES;
				CLANG_WARN_INT_CONVERSION = YES;
				CLANG_WARN_OBJC_ROOT_CLASS = YES_ERROR;
				CLANG_WARN_UNREACHABLE_CODE = YES;
				CLANG_WARN__DUPLICATE_METHOD_MATCH = YES;
				"CODE_SIGN_IDENTITY[sdk=iphoneos*]" = "iPhone Developer";
				COPY_PHASE_STRIP = NO;
				DEBUG_INFORMATION_FORMAT = "dwarf-with-dsym";
				ENABLE_NS_ASSERTIONS = NO;
				ENABLE_STRICT_OBJC_MSGSEND = YES;
				GCC_C_LANGUAGE_STANDARD = gnu99;
				GCC_NO_COMMON_BLOCKS = YES;
				GCC_WARN_64_TO_32_BIT_CONVERSION = YES;
				GCC_WARN_ABOUT_RETURN_TYPE = YES_ERROR;
				GCC_WARN_UNDECLARED_SELECTOR = YES;
				GCC_WARN_UNINITIALIZED_AUTOS = YES_AGGRESSIVE;
				GCC_WARN_UNUSED_FUNCTION = YES;
				GCC_WARN_UNUSED_VARIABLE = YES;
				IPHONEOS_DEPLOYMENT_TARGET = 8.3;
				MTL_ENABLE_DEBUG_INFO = NO;
				SDKROOT = iphoneos;
				VALIDATE_PRODUCT = YES;
			};
			name = Release;
		};
		AA970AA41BC6BCF90031B969 /* Debug */ = {
			isa = XCBuildConfiguration;
			buildSettings = {
				ASSETCATALOG_COMPILER_APPICON_NAME = AppIcon;
				INFOPLIST_FILE = test/Info.plist;
				LD_RUNPATH_SEARCH_PATHS = "$(inherited) @executable_path/Frameworks";
				PRODUCT_NAME = "$(TARGET_NAME)";
			};
			name = Debug;
		};
		AA970AA51BC6BCF90031B969 /* Release */ = {
			isa = XCBuildConfiguration;
			buildSettings = {
				ASSETCATALOG_COMPILER_APPICON_NAME = AppIcon;
				INFOPLIST_FILE = test/Info.plist;
				LD_RUNPATH_SEARCH_PATHS = "$(inherited) @executable_path/Frameworks";
				PRODUCT_NAME = "$(TARGET_NAME)";
			};
			name = Release;
		};
		AA970AA71BC6BCF90031B969 /* Debug */ = {
			isa = XCBuildConfiguration;
			buildSettings = {
				BUNDLE_LOADER = "$(TEST_HOST)";
				FRAMEWORK_SEARCH_PATHS = (
					"$(SDKROOT)/Developer/Library/Frameworks",
					"$(inherited)",
				);
				GCC_PREPROCESSOR_DEFINITIONS = (
					"DEBUG=1",
					"$(inherited)",
				);
				INFOPLIST_FILE = testTests/Info.plist;
				LD_RUNPATH_SEARCH_PATHS = "$(inherited) @executable_path/Frameworks @loader_path/Frameworks";
				PRODUCT_NAME = "$(TARGET_NAME)";
				TEST_HOST = "$(BUILT_PRODUCTS_DIR)/test.app/test";
			};
			name = Debug;
		};
		AA970AA81BC6BCF90031B969 /* Release */ = {
			isa = XCBuildConfiguration;
			buildSettings = {
				BUNDLE_LOADER = "$(TEST_HOST)";
				FRAMEWORK_SEARCH_PATHS = (
					"$(SDKROOT)/Developer/Library/Frameworks",
					"$(inherited)",
				);
				INFOPLIST_FILE = testTests/Info.plist;
				LD_RUNPATH_SEARCH_PATHS = "$(inherited) @executable_path/Frameworks @loader_path/Frameworks";
				PRODUCT_NAME = "$(TARGET_NAME)";
				TEST_HOST = "$(BUILT_PRODUCTS_DIR)/test.app/test";
			};
			name = Release;
		};
/* End XCBuildConfiguration section */

/* Begin XCConfigurationList section */
		AA970A7B1BC6BCF90031B969 /* Build configuration list for PBXProject "test" */ = {
			isa = XCConfigurationList;
			buildConfigurations = (
				AA970AA11BC6BCF90031B969 /* Debug */,
				AA970AA21BC6BCF90031B969 /* Release */,
			);
			defaultConfigurationIsVisible = 0;
			defaultConfigurationName = Release;
		};
		AA970AA31BC6BCF90031B969 /* Build configuration list for PBXNativeTarget "test" */ = {
			isa = XCConfigurationList;
			buildConfigurations = (
				AA970AA41BC6BCF90031B969 /* Debug */,
				AA970AA51BC6BCF90031B969 /* Release */,
			);
			defaultConfigurationIsVisible = 0;
		};
		AA970AA61BC6BCF90031B969 /* Build configuration list for PBXNativeTarget "testTests" */ = {
			isa = XCConfigurationList;
			buildConfigurations = (
				AA970AA71BC6BCF90031B969 /* Debug */,
				AA970AA81BC6BCF90031B969 /* Release */,
			);
			defaultConfigurationIsVisible = 0;
		};
/* End XCConfigurationList section */
	};
	rootObject = AA970A781BC6BCF90031B969 /* Project object */;
}
